Microsoft Visual Studio Solution File, Format Version 11.00
# Visual Studio 2008

Project("{B0C53F7A-445A-867F-F7F5-C76BDE0A0E4F}") = "infotsav ar", "Assembly-CSharp.csproj", "{EC41B066-B8AB-4A58-971A-D18018DA3766}"
EndProject
Project("{B0C53F7A-445A-867F-F7F5-C76BDE0A0E4F}") = "infotsav ar", "Assembly-CSharp-Editor.csproj", "{3654E96B-D7A0-15C3-FB41-EFD4D72C29F2}"
EndProject
Global
	GlobalSection(SolutionConfigurationPlatforms) = preSolution
		Debug|Any CPU = Debug|Any CPU
		Release|Any CPU = Release|Any CPU
	EndGlobalSection
	GlobalSection(ProjectConfigurationPlatforms) = postSolution
		{EC41B066-B8AB-4A58-971A-D18018DA3766}.Debug|Any CPU.ActiveCfg = Debug|Any CPU
		{EC41B066-B8AB-4A58-971A-D18018DA3766}.Debug|Any CPU.Build.0 = Debug|Any CPU
		{EC41B066-B8AB-4A58-971A-D18018DA3766}.Release|Any CPU.ActiveCfg = Release|Any CPU
		{EC41B066-B8AB-4A58-971A-D18018DA3766}.Release|Any CPU.Build.0 = Release|Any CPU
		{3654E96B-D7A0-15C3-FB41-EFD4D72C29F2}.Debug|Any CPU.ActiveCfg = Debug|Any CPU
		{3654E96B-D7A0-15C3-FB41-EFD4D72C29F2}.Debug|Any CPU.Build.0 = Debug|Any CPU
		{3654E96B-D7A0-15C3-FB41-EFD4D72C29F2}.Release|Any CPU.ActiveCfg = Release|Any CPU
		{3654E96B-D7A0-15C3-FB41-EFD4D72C29F2}.Release|Any CPU.Build.0 = Release|Any CPU
	EndGlobalSection
	GlobalSection(SolutionProperties) = preSolution
		HideSolutionNode = FALSE
	EndGlobalSection
		GlobalSection(MonoDevelopProperties) = preSolution
		StartupItem = Assembly-CSharp.csproj
	EndGlobalSection
EndGlobal
